
Microsoft Visual Studio Solution File, Format Version 12.00
# Visual Studio Version 17
VisualStudioVersion = 17.3.32901.215
MinimumVisualStudioVersion = 10.0.40219.1
Project("{2150E333-8FDC-42A3-9474-1A3956D46DE8}") = "1 - API", "1 - API", "{E936AB3E-621E-4F70-B03D-4D7ECC1FF4A0}"
EndProject
Project("{2150E333-8FDC-42A3-9474-1A3956D46DE8}") = "3 - Domain", "3 - Domain", "{83CF30B7-E2A5-48FD-BEE9-8C238F0737EE}"
EndProject
Project("{2150E333-8FDC-42A3-9474-1A3956D46DE8}") = "4 - Infra", "4 - Infra", "{0D185A58-EDFE-4C95-A91F-162948CDE806}"
EndProject
Project("{2150E333-8FDC-42A3-9474-1A3956D46DE8}") = "5 - Test", "5 - Test", "{700A6C99-BD74-4557-B83F-5D579299B685}"
EndProject
Project("{9A19103F-16F7-4668-BE54-9A1E7A4F7556}") = "API", "API\API.csproj", "{AAAD51FD-8522-4A64-9BFD-F51FC0EFAA16}"
EndProject
Project("{9A19103F-16F7-4668-BE54-9A1E7A4F7556}") = "Domain", "Domain\Domain.csproj", "{8CA5EE37-B4CD-494A-9816-14054E46DE3B}"
EndProject
Project("{9A19103F-16F7-4668-BE54-9A1E7A4F7556}") = "Infra.Data", "Infra\Infra.Data.csproj", "{8EC4D4FE-D3BA-4A1E-9A1E-DDD77BD15CD4}"
EndProject
Project("{2150E333-8FDC-42A3-9474-1A3956D46DE8}") = "4.1 - Data", "4.1 - Data", "{76B8A837-92FE-42B3-AF7A-145432883701}"
EndProject
Project("{2150E333-8FDC-42A3-9474-1A3956D46DE8}") = "4.2 - Crosscutting", "4.2 - Crosscutting", "{854E62FF-7F71-4F63-8B81-2A23253CBA9A}"
EndProject
Project("{2150E333-8FDC-42A3-9474-1A3956D46DE8}") = "2 - Service", "2 - Service", "{E2C437E7-A7DE-4651-9790-E187DF2AF278}"
EndProject
Project("{9A19103F-16F7-4668-BE54-9A1E7A4F7556}") = "Service", "Service\Service.csproj", "{15335DF3-0269-4E1D-A6B2-694D6211EF81}"
EndProject
Project("{FAE04EC0-301F-11D3-BF4B-00C04F79EFBC}") = "Infra.CrossCutting.IoC", "Infra.CrossCutting.IoC\Infra.CrossCutting.IoC.csproj", "{0C774C91-FD65-464A-9ED0-F068476D234C}"
EndProject
Global
	GlobalSection(SolutionConfigurationPlatforms) = preSolution
		Debug|Any CPU = Debug|Any CPU
		Release|Any CPU = Release|Any CPU
	EndGlobalSection
	GlobalSection(ProjectConfigurationPlatforms) = postSolution
		{AAAD51FD-8522-4A64-9BFD-F51FC0EFAA16}.Debug|Any CPU.ActiveCfg = Debug|Any CPU
		{AAAD51FD-8522-4A64-9BFD-F51FC0EFAA16}.Debug|Any CPU.Build.0 = Debug|Any CPU
		{AAAD51FD-8522-4A64-9BFD-F51FC0EFAA16}.Release|Any CPU.ActiveCfg = Release|Any CPU
		{AAAD51FD-8522-4A64-9BFD-F51FC0EFAA16}.Release|Any CPU.Build.0 = Release|Any CPU
		{8CA5EE37-B4CD-494A-9816-14054E46DE3B}.Debug|Any CPU.ActiveCfg = Debug|Any CPU
		{8CA5EE37-B4CD-494A-9816-14054E46DE3B}.Debug|Any CPU.Build.0 = Debug|Any CPU
		{8CA5EE37-B4CD-494A-9816-14054E46DE3B}.Release|Any CPU.ActiveCfg = Release|Any CPU
		{8CA5EE37-B4CD-494A-9816-14054E46DE3B}.Release|Any CPU.Build.0 = Release|Any CPU
		{8EC4D4FE-D3BA-4A1E-9A1E-DDD77BD15CD4}.Debug|Any CPU.ActiveCfg = Debug|Any CPU
		{8EC4D4FE-D3BA-4A1E-9A1E-DDD77BD15CD4}.Debug|Any CPU.Build.0 = Debug|Any CPU
		{8EC4D4FE-D3BA-4A1E-9A1E-DDD77BD15CD4}.Release|Any CPU.ActiveCfg = Release|Any CPU
		{8EC4D4FE-D3BA-4A1E-9A1E-DDD77BD15CD4}.Release|Any CPU.Build.0 = Release|Any CPU
		{15335DF3-0269-4E1D-A6B2-694D6211EF81}.Debug|Any CPU.ActiveCfg = Debug|Any CPU
		{15335DF3-0269-4E1D-A6B2-694D6211EF81}.Debug|Any CPU.Build.0 = Debug|Any CPU
		{15335DF3-0269-4E1D-A6B2-694D6211EF81}.Release|Any CPU.ActiveCfg = Release|Any CPU
		{15335DF3-0269-4E1D-A6B2-694D6211EF81}.Release|Any CPU.Build.0 = Release|Any CPU
		{0C774C91-FD65-464A-9ED0-F068476D234C}.Debug|Any CPU.ActiveCfg = Debug|Any CPU
		{0C774C91-FD65-464A-9ED0-F068476D234C}.Debug|Any CPU.Build.0 = Debug|Any CPU
		{0C774C91-FD65-464A-9ED0-F068476D234C}.Release|Any CPU.ActiveCfg = Release|Any CPU
		{0C774C91-FD65-464A-9ED0-F068476D234C}.Release|Any CPU.Build.0 = Release|Any CPU
	EndGlobalSection
	GlobalSection(SolutionProperties) = preSolution
		HideSolutionNode = FALSE
	EndGlobalSection
	GlobalSection(NestedProjects) = preSolution
		{AAAD51FD-8522-4A64-9BFD-F51FC0EFAA16} = {E936AB3E-621E-4F70-B03D-4D7ECC1FF4A0}
		{8CA5EE37-B4CD-494A-9816-14054E46DE3B} = {83CF30B7-E2A5-48FD-BEE9-8C238F0737EE}
		{8EC4D4FE-D3BA-4A1E-9A1E-DDD77BD15CD4} = {76B8A837-92FE-42B3-AF7A-145432883701}
		{76B8A837-92FE-42B3-AF7A-145432883701} = {0D185A58-EDFE-4C95-A91F-162948CDE806}
		{854E62FF-7F71-4F63-8B81-2A23253CBA9A} = {0D185A58-EDFE-4C95-A91F-162948CDE806}
		{15335DF3-0269-4E1D-A6B2-694D6211EF81} = {E2C437E7-A7DE-4651-9790-E187DF2AF278}
		{0C774C91-FD65-464A-9ED0-F068476D234C} = {854E62FF-7F71-4F63-8B81-2A23253CBA9A}
	EndGlobalSection
	GlobalSection(ExtensibilityGlobals) = postSolution
		SolutionGuid = {7A0FAFF4-E4C8-415C-A3B0-EBA2F29358D1}
	EndGlobalSection
EndGlobal
